
Microsoft Visual Studio Solution File, Format Version 12.00
# Visual Studio Version 17
VisualStudioVersion = 17.0.31903.59
MinimumVisualStudioVersion = 10.0.40219.1
Project("{2150E333-8FDC-42A3-9474-1A3956D46DE8}") = "simulation", "simulation", "{E18EDCA5-13FF-4B2C-AA13-FB7B607B8E48}"
EndProject
Project("{FAE04EC0-301F-11D3-BF4B-00C04F79EFBC}") = "OathAndCoin.Simulation", "simulation\OathAndCoin.Simulation\OathAndCoin.Simulation.csproj", "{725F0D54-C7C8-4705-87D8-543AB3319ED4}"
EndProject
Project("{2150E333-8FDC-42A3-9474-1A3956D46DE8}") = "tests", "tests", "{9F66A84A-802E-4173-887B-815A49954CC1}"
EndProject
Project("{FAE04EC0-301F-11D3-BF4B-00C04F79EFBC}") = "OathAndCoin.Simulation.Tests", "tests\OathAndCoin.Simulation.Tests\OathAndCoin.Simulation.Tests.csproj", "{F400821C-42DD-4B82-B91B-1632558FBD4E}"
EndProject
Project("{2150E333-8FDC-42A3-9474-1A3956D46DE8}") = "adapters", "adapters", "{BEF1C867-B537-4687-A34F-BDC0D63DAC98}"
EndProject
Project("{FAE04EC0-301F-11D3-BF4B-00C04F79EFBC}") = "OathAndCoin.Content", "adapters\OathAndCoin.Content\OathAndCoin.Content.csproj", "{0B645477-C88D-4FD9-9CC8-8037E259CB2D}"
EndProject
Project("{FAE04EC0-301F-11D3-BF4B-00C04F79EFBC}") = "OathAndCoin.Content.Tests", "tests\OathAndCoin.Content.Tests\OathAndCoin.Content.Tests.csproj", "{5EDF1CE0-A478-4945-B55D-AF643708E745}"
EndProject
Project("{2150E333-8FDC-42A3-9474-1A3956D46DE8}") = "tools", "tools", "{483191BA-D4B5-4211-9630-87BB15D9BE4B}"
EndProject
Project("{FAE04EC0-301F-11D3-BF4B-00C04F79EFBC}") = "OathAndCoin.SimulationRunner", "tools\OathAndCoin.SimulationRunner\OathAndCoin.SimulationRunner.csproj", "{4D2AB4AD-41C6-4FD7-95F2-D9BF0B90C1AC}"
EndProject
Global
	GlobalSection(SolutionConfigurationPlatforms) = preSolution
		Debug|Any CPU = Debug|Any CPU
		Release|Any CPU = Release|Any CPU
	EndGlobalSection
	GlobalSection(SolutionProperties) = preSolution
		HideSolutionNode = FALSE
	EndGlobalSection
	GlobalSection(ProjectConfigurationPlatforms) = postSolution
		{725F0D54-C7C8-4705-87D8-543AB3319ED4}.Debug|Any CPU.ActiveCfg = Debug|Any CPU
		{725F0D54-C7C8-4705-87D8-543AB3319ED4}.Debug|Any CPU.Build.0 = Debug|Any CPU
		{725F0D54-C7C8-4705-87D8-543AB3319ED4}.Release|Any CPU.ActiveCfg = Release|Any CPU
		{725F0D54-C7C8-4705-87D8-543AB3319ED4}.Release|Any CPU.Build.0 = Release|Any CPU
		{F400821C-42DD-4B82-B91B-1632558FBD4E}.Debug|Any CPU.ActiveCfg = Debug|Any CPU
		{F400821C-42DD-4B82-B91B-1632558FBD4E}.Debug|Any CPU.Build.0 = Debug|Any CPU
		{F400821C-42DD-4B82-B91B-1632558FBD4E}.Release|Any CPU.ActiveCfg = Release|Any CPU
		{F400821C-42DD-4B82-B91B-1632558FBD4E}.Release|Any CPU.Build.0 = Release|Any CPU
		{0B645477-C88D-4FD9-9CC8-8037E259CB2D}.Debug|Any CPU.ActiveCfg = Debug|Any CPU
		{0B645477-C88D-4FD9-9CC8-8037E259CB2D}.Debug|Any CPU.Build.0 = Debug|Any CPU
		{0B645477-C88D-4FD9-9CC8-8037E259CB2D}.Release|Any CPU.ActiveCfg = Release|Any CPU
		{0B645477-C88D-4FD9-9CC8-8037E259CB2D}.Release|Any CPU.Build.0 = Release|Any CPU
		{5EDF1CE0-A478-4945-B55D-AF643708E745}.Debug|Any CPU.ActiveCfg = Debug|Any CPU
		{5EDF1CE0-A478-4945-B55D-AF643708E745}.Debug|Any CPU.Build.0 = Debug|Any CPU
		{5EDF1CE0-A478-4945-B55D-AF643708E745}.Release|Any CPU.ActiveCfg = Release|Any CPU
		{5EDF1CE0-A478-4945-B55D-AF643708E745}.Release|Any CPU.Build.0 = Release|Any CPU
		{4D2AB4AD-41C6-4FD7-95F2-D9BF0B90C1AC}.Debug|Any CPU.ActiveCfg = Debug|Any CPU
		{4D2AB4AD-41C6-4FD7-95F2-D9BF0B90C1AC}.Debug|Any CPU.Build.0 = Debug|Any CPU
		{4D2AB4AD-41C6-4FD7-95F2-D9BF0B90C1AC}.Release|Any CPU.ActiveCfg = Release|Any CPU
		{4D2AB4AD-41C6-4FD7-95F2-D9BF0B90C1AC}.Release|Any CPU.Build.0 = Release|Any CPU
	EndGlobalSection
	GlobalSection(NestedProjects) = preSolution
		{725F0D54-C7C8-4705-87D8-543AB3319ED4} = {E18EDCA5-13FF-4B2C-AA13-FB7B607B8E48}
		{F400821C-42DD-4B82-B91B-1632558FBD4E} = {9F66A84A-802E-4173-887B-815A49954CC1}
		{0B645477-C88D-4FD9-9CC8-8037E259CB2D} = {BEF1C867-B537-4687-A34F-BDC0D63DAC98}
		{5EDF1CE0-A478-4945-B55D-AF643708E745} = {9F66A84A-802E-4173-887B-815A49954CC1}
		{4D2AB4AD-41C6-4FD7-95F2-D9BF0B90C1AC} = {483191BA-D4B5-4211-9630-87BB15D9BE4B}
	EndGlobalSection
EndGlobal
